// !$*UTF8*$!
{
	archiveVersion = 1;
	classes = {
	};
	objectVersion = 46;
	objects = {

/* Begin PBXBuildFile section */
		2A0F69CE1DDB1031008A48B9 /* ContactModel.swift in Sources */ = {isa = PBXBuildFile; fileRef = 2A0F69CD1DDB1031008A48B9 /* ContactModel.swift */; };
		2A5752B61DD9C267002C6A32 /* UIImage.swift in Sources */ = {isa = PBXBuildFile; fileRef = 2A5752B51DD9C267002C6A32 /* UIImage.swift */; };
		2A5752B81DD9CE6E002C6A32 /* ItemsCollectionViewController.swift in Sources */ = {isa = PBXBuildFile; fileRef = 2A5752B71DD9CE6E002C6A32 /* ItemsCollectionViewController.swift */; };
		2A5752BC1DD9D17F002C6A32 /* ItemsCollectionViewCell.swift in Sources */ = {isa = PBXBuildFile; fileRef = 2A5752BB1DD9D17F002C6A32 /* ItemsCollectionViewCell.swift */; };
		2A787CFD1DDAF1DF00909F8D /* ItemsModel.swift in Sources */ = {isa = PBXBuildFile; fileRef = 2A787CFC1DDAF1DF00909F8D /* ItemsModel.swift */; };
		2A787CFF1DDAF38600909F8D /* ContactsModel.swift in Sources */ = {isa = PBXBuildFile; fileRef = 2A787CFE1DDAF38600909F8D /* ContactsModel.swift */; };
		2A787D011DDAF6D300909F8D /* RootViewController.swift in Sources */ = {isa = PBXBuildFile; fileRef = 2A787D001DDAF6D300909F8D /* RootViewController.swift */; };
		2AC9CDFD1DDB3BA300886F45 /* NetworkApi.swift in Sources */ = {isa = PBXBuildFile; fileRef = 2AC9CDFC1DDB3BA300886F45 /* NetworkApi.swift */; };
		2AC9CE001DDB486700886F45 /* ContactsNetworkCallback.swift in Sources */ = {isa = PBXBuildFile; fileRef = 2AC9CDFF1DDB486700886F45 /* ContactsNetworkCallback.swift */; };
		2AC9CE021DDBB15200886F45 /* RootViewTableViewCell.swift in Sources */ = {isa = PBXBuildFile; fileRef = 2AC9CE011DDBB15200886F45 /* RootViewTableViewCell.swift */; };
		2AC9CE071DDBCC3500886F45 /* StaticRootTableViewController.swift in Sources */ = {isa = PBXBuildFile; fileRef = 2AC9CE061DDBCC3500886F45 /* StaticRootTableViewController.swift */; };
		2AC9CE0B1DDC749B00886F45 /* RootScrollViewController.swift in Sources */ = {isa = PBXBuildFile; fileRef = 2AC9CE0A1DDC749B00886F45 /* RootScrollViewController.swift */; };
		2AC9CE0E1DDC850700886F45 /* ContactDetailsViewController.swift in Sources */ = {isa = PBXBuildFile; fileRef = 2AC9CE0D1DDC850700886F45 /* ContactDetailsViewController.swift */; };
		2AC9CE111DDC8C8100886F45 /* MainTabBarController.swift in Sources */ = {isa = PBXBuildFile; fileRef = 2AC9CE101DDC8C8100886F45 /* MainTabBarController.swift */; };
		2ADF42AA1DD9ACAA0065E3AA /* AppDelegate.swift in Sources */ = {isa = PBXBuildFile; fileRef = 2ADF42A91DD9ACAA0065E3AA /* AppDelegate.swift */; };
		2ADF42AF1DD9ACAA0065E3AA /* Main.storyboard in Resources */ = {isa = PBXBuildFile; fileRef = 2ADF42AD1DD9ACAA0065E3AA /* Main.storyboard */; };
		2ADF42B21DD9ACAA0065E3AA /* exercises1.xcdatamodeld in Sources */ = {isa = PBXBuildFile; fileRef = 2ADF42B01DD9ACAA0065E3AA /* exercises1.xcdatamodeld */; };
		2ADF42B41DD9ACAA0065E3AA /* Assets.xcassets in Resources */ = {isa = PBXBuildFile; fileRef = 2ADF42B31DD9ACAA0065E3AA /* Assets.xcassets */; };
		2ADF42B71DD9ACAA0065E3AA /* LaunchScreen.storyboard in Resources */ = {isa = PBXBuildFile; fileRef = 2ADF42B51DD9ACAA0065E3AA /* LaunchScreen.storyboard */; };
		2ADF42C01DD9B1050065E3AA /* ContactsTableViewController.swift in Sources */ = {isa = PBXBuildFile; fileRef = 2ADF42BF1DD9B1050065E3AA /* ContactsTableViewController.swift */; };
		2ADF42C21DD9B46B0065E3AA /* ContactTableViewCell.swift in Sources */ = {isa = PBXBuildFile; fileRef = 2ADF42C11DD9B46B0065E3AA /* ContactTableViewCell.swift */; };
		34F9A141AB4E5F84DA06B3EA /* Pods_exercises1.framework in Frameworks */ = {isa = PBXBuildFile; fileRef = 715B0B8BD0CDD9B92D134DB8 /* Pods_exercises1.framework */; };
/* End PBXBuildFile section */

/* Begin PBXFileReference section */
		26D8FEE33D9998DB322EDB56 /* Pods-exercises1.debug.xcconfig */ = {isa = PBXFileReference; includeInIndex = 1; lastKnownFileType = text.xcconfig; name = "Pods-exercises1.debug.xcconfig"; path = "Pods/Target Support Files/Pods-exercises1/Pods-exercises1.debug.xcconfig"; sourceTree = "<group>"; };
		2A0F69CD1DDB1031008A48B9 /* ContactModel.swift */ = {isa = PBXFileReference; fileEncoding = 4; lastKnownFileType = sourcecode.swift; path = ContactModel.swift; sourceTree = "<group>"; };
		2A5752B51DD9C267002C6A32 /* UIImage.swift */ = {isa = PBXFileReference; fileEncoding = 4; lastKnownFileType = sourcecode.swift; path = UIImage.swift; sourceTree = "<group>"; };
		2A5752B71DD9CE6E002C6A32 /* ItemsCollectionViewController.swift */ = {isa = PBXFileReference; fileEncoding = 4; lastKnownFileType = sourcecode.swift; path = ItemsCollectionViewController.swift; sourceTree = "<group>"; };
		2A5752BB1DD9D17F002C6A32 /* ItemsCollectionViewCell.swift */ = {isa = PBXFileReference; fileEncoding = 4; lastKnownFileType = sourcecode.swift; path = ItemsCollectionViewCell.swift; sourceTree = "<group>"; };
		2A787CFC1DDAF1DF00909F8D /* ItemsModel.swift */ = {isa = PBXFileReference; fileEncoding = 4; lastKnownFileType = sourcecode.swift; path = ItemsModel.swift; sourceTree = "<group>"; };
		2A787CFE1DDAF38600909F8D /* ContactsModel.swift */ = {isa = PBXFileReference; fileEncoding = 4; lastKnownFileType = sourcecode.swift; path = ContactsModel.swift; sourceTree = "<group>"; };
		2A787D001DDAF6D300909F8D /* RootViewController.swift */ = {isa = PBXFileReference; fileEncoding = 4; lastKnownFileType = sourcecode.swift; path = RootViewController.swift; sourceTree = "<group>"; };
		2AC9CDFC1DDB3BA300886F45 /* NetworkApi.swift */ = {isa = PBXFileReference; fileEncoding = 4; lastKnownFileType = sourcecode.swift; path = NetworkApi.swift; sourceTree = "<group>"; };
		2AC9CDFF1DDB486700886F45 /* ContactsNetworkCallback.swift */ = {isa = PBXFileReference; fileEncoding = 4; lastKnownFileType = sourcecode.swift; path = ContactsNetworkCallback.swift; sourceTree = "<group>"; };
		2AC9CE011DDBB15200886F45 /* RootViewTableViewCell.swift */ = {isa = PBXFileReference; fileEncoding = 4; lastKnownFileType = sourcecode.swift; path = RootViewTableViewCell.swift; sourceTree = "<group>"; };
		2AC9CE061DDBCC3500886F45 /* StaticRootTableViewController.swift */ = {isa = PBXFileReference; fileEncoding = 4; lastKnownFileType = sourcecode.swift; path = StaticRootTableViewController.swift; sourceTree = "<group>"; };
		2AC9CE0A1DDC749B00886F45 /* RootScrollViewController.swift */ = {isa = PBXFileReference; fileEncoding = 4; lastKnownFileType = sourcecode.swift; path = RootScrollViewController.swift; sourceTree = "<group>"; };
		2AC9CE0D1DDC850700886F45 /* ContactDetailsViewController.swift */ = {isa = PBXFileReference; fileEncoding = 4; lastKnownFileType = sourcecode.swift; path = ContactDetailsViewController.swift; sourceTree = "<group>"; };
		2AC9CE101DDC8C8100886F45 /* MainTabBarController.swift */ = {isa = PBXFileReference; fileEncoding = 4; lastKnownFileType = sourcecode.swift; path = MainTabBarController.swift; sourceTree = "<group>"; };
		2ADF42A61DD9ACAA0065E3AA /* exercises1.app */ = {isa = PBXFileReference; explicitFileType = wrapper.application; includeInIndex = 0; path = exercises1.app; sourceTree = BUILT_PRODUCTS_DIR; };
		2ADF42A91DD9ACAA0065E3AA /* AppDelegate.swift */ = {isa = PBXFileReference; lastKnownFileType = sourcecode.swift; path = AppDelegate.swift; sourceTree = "<group>"; };
		2ADF42AE1DD9ACAA0065E3AA /* Base */ = {isa = PBXFileReference; lastKnownFileType = file.storyboard; name = Base; path = Base.lproj/Main.storyboard; sourceTree = "<group>"; };
		2ADF42B11DD9ACAA0065E3AA /* exercises1.xcdatamodel */ = {isa = PBXFileReference; lastKnownFileType = wrapper.xcdatamodel; path = exercises1.xcdatamodel; sourceTree = "<group>"; };
		2ADF42B31DD9ACAA0065E3AA /* Assets.xcassets */ = {isa = PBXFileReference; lastKnownFileType = folder.assetcatalog; path = Assets.xcassets; sourceTree = "<group>"; };
		2ADF42B61DD9ACAA0065E3AA /* Base */ = {isa = PBXFileReference; lastKnownFileType = file.storyboard; name = Base; path = Base.lproj/LaunchScreen.storyboard; sourceTree = "<group>"; };
		2ADF42B81DD9ACAA0065E3AA /* Info.plist */ = {isa = PBXFileReference; lastKnownFileType = text.plist.xml; path = Info.plist; sourceTree = "<group>"; };
		2ADF42BF1DD9B1050065E3AA /* ContactsTableViewController.swift */ = {isa = PBXFileReference; fileEncoding = 4; lastKnownFileType = sourcecode.swift; path = ContactsTableViewController.swift; sourceTree = "<group>"; };
		2ADF42C11DD9B46B0065E3AA /* ContactTableViewCell.swift */ = {isa = PBXFileReference; fileEncoding = 4; lastKnownFileType = sourcecode.swift; path = ContactTableViewCell.swift; sourceTree = "<group>"; };
		5A369BB8FD3CDBEFEB919D61 /* Pods-exercises1.release.xcconfig */ = {isa = PBXFileReference; includeInIndex = 1; lastKnownFileType = text.xcconfig; name = "Pods-exercises1.release.xcconfig"; path = "Pods/Target Support Files/Pods-exercises1/Pods-exercises1.release.xcconfig"; sourceTree = "<group>"; };
		715B0B8BD0CDD9B92D134DB8 /* Pods_exercises1.framework */ = {isa = PBXFileReference; explicitFileType = wrapper.framework; includeInIndex = 0; path = Pods_exercises1.framework; sourceTree = BUILT_PRODUCTS_DIR; };
/* End PBXFileReference section */

/* Begin PBXFrameworksBuildPhase section */
		2ADF42A31DD9ACAA0065E3AA /* Frameworks */ = {
			isa = PBXFrameworksBuildPhase;
			buildActionMask = 2147483647;
			files = (
				34F9A141AB4E5F84DA06B3EA /* Pods_exercises1.framework in Frameworks */,
			);
			runOnlyForDeploymentPostprocessing = 0;
		};
/* End PBXFrameworksBuildPhase section */

/* Begin PBXGroup section */
		2A787CF91DDAEF9900909F8D /* Controllers */ = {
			isa = PBXGroup;
			children = (
				2AC9CE0C1DDC84DD00886F45 /* ContactDetails */,
				2A787CFA1DDAEFA700909F8D /* Contacts */,
				2A787CFB1DDAEFB600909F8D /* Items */,
				2AC9CE0F1DDC8C3800886F45 /* MainTab */,
				2AC9CE031DDBB16D00886F45 /* RootView */,
			);
			path = Controllers;
			sourceTree = "<group>";
		};
		2A787CFA1DDAEFA700909F8D /* Contacts */ = {
			isa = PBXGroup;
			children = (
				2A0F69CD1DDB1031008A48B9 /* ContactModel.swift */,
				2ADF42C11DD9B46B0065E3AA /* ContactTableViewCell.swift */,
				2A787CFE1DDAF38600909F8D /* ContactsModel.swift */,
				2ADF42BF1DD9B1050065E3AA /* ContactsTableViewController.swift */,
			);
			path = Contacts;
			sourceTree = "<group>";
		};
		2A787CFB1DDAEFB600909F8D /* Items */ = {
			isa = PBXGroup;
			children = (
				2A5752BB1DD9D17F002C6A32 /* ItemsCollectionViewCell.swift */,
				2A5752B71DD9CE6E002C6A32 /* ItemsCollectionViewController.swift */,
				2A787CFC1DDAF1DF00909F8D /* ItemsModel.swift */,
			);
			path = Items;
			sourceTree = "<group>";
		};
		2AC9CDF61DDB399100886F45 /* Network */ = {
			isa = PBXGroup;
			children = (
				2AC9CDFE1DDB483500886F45 /* Callbacks */,
				2AC9CDFA1DDB3B5200886F45 /* Request */,
				2AC9CDFB1DDB3B5A00886F45 /* Response */,
				2AC9CDFC1DDB3BA300886F45 /* NetworkApi.swift */,
			);
			path = Network;
			sourceTree = "<group>";
		};
		2AC9CDFA1DDB3B5200886F45 /* Request */ = {
			isa = PBXGroup;
			children = (
			);
			path = Request;
			sourceTree = "<group>";
		};
		2AC9CDFB1DDB3B5A00886F45 /* Response */ = {
			isa = PBXGroup;
			children = (
			);
			path = Response;
			sourceTree = "<group>";
		};
		2AC9CDFE1DDB483500886F45 /* Callbacks */ = {
			isa = PBXGroup;
			children = (
				2AC9CDFF1DDB486700886F45 /* ContactsNetworkCallback.swift */,
			);
			path = Callbacks;
			sourceTree = "<group>";
		};
		2AC9CE031DDBB16D00886F45 /* RootView */ = {
			isa = PBXGroup;
			children = (
				2A787D001DDAF6D300909F8D /* RootViewController.swift */,
				2AC9CE011DDBB15200886F45 /* RootViewTableViewCell.swift */,
			);
			path = RootView;
			sourceTree = "<group>";
		};
		2AC9CE0C1DDC84DD00886F45 /* ContactDetails */ = {
			isa = PBXGroup;
			children = (
				2AC9CE0D1DDC850700886F45 /* ContactDetailsViewController.swift */,
			);
			name = ContactDetails;
			path = ContactDetails;
			sourceTree = "<group>";
		};
		2AC9CE0F1DDC8C3800886F45 /* MainTab */ = {
			isa = PBXGroup;
			children = (
				2AC9CE101DDC8C8100886F45 /* MainTabBarController.swift */,
			);
			name = MainTab;
			path = MainTab;
			sourceTree = "<group>";
		};
		2ADF429D1DD9ACAA0065E3AA = {
			isa = PBXGroup;
			children = (
				9F9C607E930A8002577D3FC3 /* Frameworks */,
				8C5A343DA4FBBCBD913E0852 /* Pods */,
				2ADF42A71DD9ACAA0065E3AA /* Products */,
				2ADF42A81DD9ACAA0065E3AA /* exercises1 */,
				2ADF42BE1DD9AD2E0065E3AA /* supported files */,
			);
			sourceTree = "<group>";
		};
		2ADF42A71DD9ACAA0065E3AA /* Products */ = {
			isa = PBXGroup;
			children = (
				2ADF42A61DD9ACAA0065E3AA /* exercises1.app */,
			);
			name = Products;
			sourceTree = "<group>";
		};
		2ADF42A81DD9ACAA0065E3AA /* exercises1 */ = {
			isa = PBXGroup;
			children = (
				2A787CF91DDAEF9900909F8D /* Controllers */,
				2AC9CDF61DDB399100886F45 /* Network */,
				2ADF42A91DD9ACAA0065E3AA /* AppDelegate.swift */,
				2ADF42B81DD9ACAA0065E3AA /* Info.plist */,
				2ADF42AD1DD9ACAA0065E3AA /* Main.storyboard */,
				2AC9CE0A1DDC749B00886F45 /* RootScrollViewController.swift */,
				2AC9CE061DDBCC3500886F45 /* StaticRootTableViewController.swift */,
				2A5752B51DD9C267002C6A32 /* UIImage.swift */,
			);
			path = exercises1;
			sourceTree = "<group>";
		};
		2ADF42BE1DD9AD2E0065E3AA /* supported files */ = {
			isa = PBXGroup;
			children = (
				2ADF42B31DD9ACAA0065E3AA /* Assets.xcassets */,
				2ADF42B51DD9ACAA0065E3AA /* LaunchScreen.storyboard */,
				2ADF42B01DD9ACAA0065E3AA /* exercises1.xcdatamodeld */,
			);
			path = "supported files";
			sourceTree = "<group>";
		};
		8C5A343DA4FBBCBD913E0852 /* Pods */ = {
			isa = PBXGroup;
			children = (
				26D8FEE33D9998DB322EDB56 /* Pods-exercises1.debug.xcconfig */,
				5A369BB8FD3CDBEFEB919D61 /* Pods-exercises1.release.xcconfig */,
			);
			name = Pods;
			sourceTree = "<group>";
		};
		9F9C607E930A8002577D3FC3 /* Frameworks */ = {
			isa = PBXGroup;
			children = (
				715B0B8BD0CDD9B92D134DB8 /* Pods_exercises1.framework */,
			);
			name = Frameworks;
			sourceTree = "<group>";
		};
/* End PBXGroup section */

/* Begin PBXNativeTarget section */
		2ADF42A51DD9ACAA0065E3AA /* exercises1 */ = {
			isa = PBXNativeTarget;
			buildConfigurationList = 2ADF42BB1DD9ACAA0065E3AA /* Build configuration list for PBXNativeTarget "exercises1" */;
			buildPhases = (
				8F4CAE211F8F3B8C5152A6FA /* [CP] Check Pods Manifest.lock */,
				2ADF42A21DD9ACAA0065E3AA /* Sources */,
				2ADF42A31DD9ACAA0065E3AA /* Frameworks */,
				2ADF42A41DD9ACAA0065E3AA /* Resources */,
				CEE1E7991A68A6BED3EA0E2D /* [CP] Embed Pods Frameworks */,
				2B1BA64F437A97A46CBBA9EA /* [CP] Copy Pods Resources */,
			);
			buildRules = (
			);
			dependencies = (
			);
			name = exercises1;
			productName = exercises1;
			productReference = 2ADF42A61DD9ACAA0065E3AA /* exercises1.app */;
			productType = "com.apple.product-type.application";
		};
/* End PBXNativeTarget section */

/* Begin PBXProject section */
		2ADF429E1DD9ACAA0065E3AA /* Project object */ = {
			isa = PBXProject;
			attributes = {
				LastSwiftUpdateCheck = 0810;
				LastUpgradeCheck = 0810;
				ORGANIZATIONNAME = "shay markovich";
				TargetAttributes = {
					2ADF42A51DD9ACAA0065E3AA = {
						CreatedOnToolsVersion = 8.1;
						DevelopmentTeam = KQU7EZ2T5N;
						ProvisioningStyle = Automatic;
					};
				};
			};
			buildConfigurationList = 2ADF42A11DD9ACAA0065E3AA /* Build configuration list for PBXProject "exercises1" */;
			compatibilityVersion = "Xcode 3.2";
			developmentRegion = English;
			hasScannedForEncodings = 0;
			knownRegions = (
				en,
				Base,
			);
			mainGroup = 2ADF429D1DD9ACAA0065E3AA;
			productRefGroup = 2ADF42A71DD9ACAA0065E3AA /* Products */;
			projectDirPath = "";
			projectRoot = "";
			targets = (
				2ADF42A51DD9ACAA0065E3AA /* exercises1 */,
			);
		};
/* End PBXProject section */

/* Begin PBXResourcesBuildPhase section */
		2ADF42A41DD9ACAA0065E3AA /* Resources */ = {
			isa = PBXResourcesBuildPhase;
			buildActionMask = 2147483647;
			files = (
				2ADF42B71DD9ACAA0065E3AA /* LaunchScreen.storyboard in Resources */,
				2ADF42B41DD9ACAA0065E3AA /* Assets.xcassets in Resources */,
				2ADF42AF1DD9ACAA0065E3AA /* Main.storyboard in Resources */,
			);
			runOnlyForDeploymentPostprocessing = 0;
		};
/* End PBXResourcesBuildPhase section */

/* Begin PBXShellScriptBuildPhase section */
		2B1BA64F437A97A46CBBA9EA /* [CP] Copy Pods Resources */ = {
			isa = PBXShellScriptBuildPhase;
			buildActionMask = 2147483647;
			files = (
			);
			inputPaths = (
			);
			name = "[CP] Copy Pods Resources";
			outputPaths = (
			);
			runOnlyForDeploymentPostprocessing = 0;
			shellPath = /bin/sh;
			shellScript = "\"${SRCROOT}/Pods/Target Support Files/Pods-exercises1/Pods-exercises1-resources.sh\"\n";
			showEnvVarsInLog = 0;
		};
		8F4CAE211F8F3B8C5152A6FA /* [CP] Check Pods Manifest.lock */ = {
			isa = PBXShellScriptBuildPhase;
			buildActionMask = 2147483647;
			files = (
			);
			inputPaths = (
			);
			name = "[CP] Check Pods Manifest.lock";
			outputPaths = (
			);
			runOnlyForDeploymentPostprocessing = 0;
			shellPath = /bin/sh;
			shellScript = "diff \"${PODS_ROOT}/../Podfile.lock\" \"${PODS_ROOT}/Manifest.lock\" > /dev/null\nif [ $? != 0 ] ; then\n    # print error to STDERR\n    echo \"error: The sandbox is not in sync with the Podfile.lock. Run 'pod install' or update your CocoaPods installation.\" >&2\n    exit 1\nfi\n";
			showEnvVarsInLog = 0;
		};
		CEE1E7991A68A6BED3EA0E2D /* [CP] Embed Pods Frameworks */ = {
			isa = PBXShellScriptBuildPhase;
			buildActionMask = 2147483647;
			files = (
			);
			inputPaths = (
			);
			name = "[CP] Embed Pods Frameworks";
			outputPaths = (
			);
			runOnlyForDeploymentPostprocessing = 0;
			shellPath = /bin/sh;
			shellScript = "\"${SRCROOT}/Pods/Target Support Files/Pods-exercises1/Pods-exercises1-frameworks.sh\"\n";
			showEnvVarsInLog = 0;
		};
/* End PBXShellScriptBuildPhase section */

/* Begin PBXSourcesBuildPhase section */
		2ADF42A21DD9ACAA0065E3AA /* Sources */ = {
			isa = PBXSourcesBuildPhase;
			buildActionMask = 2147483647;
			files = (
				2AC9CDFD1DDB3BA300886F45 /* NetworkApi.swift in Sources */,
				2A787D011DDAF6D300909F8D /* RootViewController.swift in Sources */,
				2A787CFD1DDAF1DF00909F8D /* ItemsModel.swift in Sources */,
				2A787CFF1DDAF38600909F8D /* ContactsModel.swift in Sources */,
				2A5752B81DD9CE6E002C6A32 /* ItemsCollectionViewController.swift in Sources */,
				2ADF42C21DD9B46B0065E3AA /* ContactTableViewCell.swift in Sources */,
				2ADF42B21DD9ACAA0065E3AA /* exercises1.xcdatamodeld in Sources */,
				2A5752B61DD9C267002C6A32 /* UIImage.swift in Sources */,
				2AC9CE021DDBB15200886F45 /* RootViewTableViewCell.swift in Sources */,
				2AC9CE0E1DDC850700886F45 /* ContactDetailsViewController.swift in Sources */,
				2AC9CE071DDBCC3500886F45 /* StaticRootTableViewController.swift in Sources */,
				2ADF42C01DD9B1050065E3AA /* ContactsTableViewController.swift in Sources */,
				2AC9CE0B1DDC749B00886F45 /* RootScrollViewController.swift in Sources */,
				2ADF42AA1DD9ACAA0065E3AA /* AppDelegate.swift in Sources */,
				2A5752BC1DD9D17F002C6A32 /* ItemsCollectionViewCell.swift in Sources */,
				2AC9CE001DDB486700886F45 /* ContactsNetworkCallback.swift in Sources */,
				2A0F69CE1DDB1031008A48B9 /* ContactModel.swift in Sources */,
				2AC9CE111DDC8C8100886F45 /* MainTabBarController.swift in Sources */,
			);
			runOnlyForDeploymentPostprocessing = 0;
		};
/* End PBXSourcesBuildPhase section */

/* Begin PBXVariantGroup section */
		2ADF42AD1DD9ACAA0065E3AA /* Main.storyboard */ = {
			isa = PBXVariantGroup;
			children = (
				2ADF42AE1DD9ACAA0065E3AA /* Base */,
			);
			name = Main.storyboard;
			path = .;
			sourceTree = "<group>";
		};
		2ADF42B51DD9ACAA0065E3AA /* LaunchScreen.storyboard */ = {
			isa = PBXVariantGroup;
			children = (
				2ADF42B61DD9ACAA0065E3AA /* Base */,
			);
			name = LaunchScreen.storyboard;
			path = .;
			sourceTree = "<group>";
		};
/* End PBXVariantGroup section */

/* Begin XCBuildConfiguration section */
		2ADF42B91DD9ACAA0065E3AA /* Debug */ = {
			isa = XCBuildConfiguration;
			buildSettings = {
				ALWAYS_SEARCH_USER_PATHS = NO;
				CLANG_ANALYZER_NONNULL = YES;
				CLANG_CXX_LANGUAGE_STANDARD = "gnu++0x";
				CLANG_CXX_LIBRARY = "libc++";
				CLANG_ENABLE_MODULES = YES;
				CLANG_ENABLE_OBJC_ARC = YES;
				CLANG_WARN_BOOL_CONVERSION = YES;
				CLANG_WARN_CONSTANT_CONVERSION = YES;
				CLANG_WARN_DIRECT_OBJC_ISA_USAGE = YES_ERROR;
				CLANG_WARN_DOCUMENTATION_COMMENTS = YES;
				CLANG_WARN_EMPTY_BODY = YES;
				CLANG_WARN_ENUM_CONVERSION = YES;
				CLANG_WARN_INFINITE_RECURSION = YES;
				CLANG_WARN_INT_CONVERSION = YES;
				CLANG_WARN_OBJC_ROOT_CLASS = YES_ERROR;
				CLANG_WARN_SUSPICIOUS_MOVES = YES;
				CLANG_WARN_UNREACHABLE_CODE = YES;
				CLANG_WARN__DUPLICATE_METHOD_MATCH = YES;
				"CODE_SIGN_IDENTITY[sdk=iphoneos*]" = "iPhone Developer";
				COPY_PHASE_STRIP = NO;
				DEBUG_INFORMATION_FORMAT = dwarf;
				ENABLE_STRICT_OBJC_MSGSEND = YES;
				ENABLE_TESTABILITY = YES;
				GCC_C_LANGUAGE_STANDARD = gnu99;
				GCC_DYNAMIC_NO_PIC = NO;
				GCC_NO_COMMON_BLOCKS = YES;
				GCC_OPTIMIZATION_LEVEL = 0;
				GCC_PREPROCESSOR_DEFINITIONS = (
					"DEBUG=1",
					"$(inherited)",
				);
				GCC_WARN_64_TO_32_BIT_CONVERSION = YES;
				GCC_WARN_ABOUT_RETURN_TYPE = YES_ERROR;
				GCC_WARN_UNDECLARED_SELECTOR = YES;
				GCC_WARN_UNINITIALIZED_AUTOS = YES_AGGRESSIVE;
				GCC_WARN_UNUSED_FUNCTION = YES;
				GCC_WARN_UNUSED_VARIABLE = YES;
				IPHONEOS_DEPLOYMENT_TARGET = 10.1;
				MTL_ENABLE_DEBUG_INFO = YES;
				ONLY_ACTIVE_ARCH = YES;
				SDKROOT = iphoneos;
				SWIFT_ACTIVE_COMPILATION_CONDITIONS = DEBUG;
				SWIFT_OPTIMIZATION_LEVEL = "-Onone";
			};
			name = Debug;
		};
		2ADF42BA1DD9ACAA0065E3AA /* Release */ = {
			isa = XCBuildConfiguration;
			buildSettings = {
				ALWAYS_SEARCH_USER_PATHS = NO;
				CLANG_ANALYZER_NONNULL = YES;
				CLANG_CXX_LANGUAGE_STANDARD = "gnu++0x";
				CLANG_CXX_LIBRARY = "libc++";
				CLANG_ENABLE_MODULES = YES;
				CLANG_ENABLE_OBJC_ARC = YES;
				CLANG_WARN_BOOL_CONVERSION = YES;
				CLANG_WARN_CONSTANT_CONVERSION = YES;
				CLANG_WARN_DIRECT_OBJC_ISA_USAGE = YES_ERROR;
				CLANG_WARN_DOCUMENTATION_COMMENTS = YES;
				CLANG_WARN_EMPTY_BODY = YES;
				CLANG_WARN_ENUM_CONVERSION = YES;
				CLANG_WARN_INFINITE_RECURSION = YES;
				CLANG_WARN_INT_CONVERSION = YES;
				CLANG_WARN_OBJC_ROOT_CLASS = YES_ERROR;
				CLANG_WARN_SUSPICIOUS_MOVES = YES;
				CLANG_WARN_UNREACHABLE_CODE = YES;
				CLANG_WARN__DUPLICATE_METHOD_MATCH = YES;
				"CODE_SIGN_IDENTITY[sdk=iphoneos*]" = "iPhone Developer";
				COPY_PHASE_STRIP = NO;
				DEBUG_INFORMATION_FORMAT = "dwarf-with-dsym";
				ENABLE_NS_ASSERTIONS = NO;
				ENABLE_STRICT_OBJC_MSGSEND = YES;
				GCC_C_LANGUAGE_STANDARD = gnu99;
				GCC_NO_COMMON_BLOCKS = YES;
				GCC_WARN_64_TO_32_BIT_CONVERSION = YES;
				GCC_WARN_ABOUT_RETURN_TYPE = YES_ERROR;
				GCC_WARN_UNDECLARED_SELECTOR = YES;
				GCC_WARN_UNINITIALIZED_AUTOS = YES_AGGRESSIVE;
				GCC_WARN_UNUSED_FUNCTION = YES;
				GCC_WARN_UNUSED_VARIABLE = YES;
				IPHONEOS_DEPLOYMENT_TARGET = 10.1;
				MTL_ENABLE_DEBUG_INFO = NO;
				SDKROOT = iphoneos;
				SWIFT_OPTIMIZATION_LEVEL = "-Owholemodule";
				VALIDATE_PRODUCT = YES;
			};
			name = Release;
		};
		2ADF42BC1DD9ACAA0065E3AA /* Debug */ = {
			isa = XCBuildConfiguration;
			baseConfigurationReference = 26D8FEE33D9998DB322EDB56 /* Pods-exercises1.debug.xcconfig */;
			buildSettings = {
				ASSETCATALOG_COMPILER_APPICON_NAME = AppIcon;
				DEVELOPMENT_TEAM = KQU7EZ2T5N;
				INFOPLIST_FILE = exercises1/Info.plist;
				LD_RUNPATH_SEARCH_PATHS = "$(inherited) @executable_path/Frameworks";
				PRODUCT_BUNDLE_IDENTIFIER = com.shaymark.exercises1;
				PRODUCT_NAME = "$(TARGET_NAME)";
				SWIFT_VERSION = 3.0;
			};
			name = Debug;
		};
		2ADF42BD1DD9ACAA0065E3AA /* Release */ = {
			isa = XCBuildConfiguration;
			baseConfigurationReference = 5A369BB8FD3CDBEFEB919D61 /* Pods-exercises1.release.xcconfig */;
			buildSettings = {
				ASSETCATALOG_COMPILER_APPICON_NAME = AppIcon;
				DEVELOPMENT_TEAM = KQU7EZ2T5N;
				INFOPLIST_FILE = exercises1/Info.plist;
				LD_RUNPATH_SEARCH_PATHS = "$(inherited) @executable_path/Frameworks";
				PRODUCT_BUNDLE_IDENTIFIER = com.shaymark.exercises1;
				PRODUCT_NAME = "$(TARGET_NAME)";
				SWIFT_VERSION = 3.0;
			};
			name = Release;
		};
/* End XCBuildConfiguration section */

/* Begin XCConfigurationList section */
		2ADF42A11DD9ACAA0065E3AA /* Build configuration list for PBXProject "exercises1" */ = {
			isa = XCConfigurationList;
			buildConfigurations = (
				2ADF42B91DD9ACAA0065E3AA /* Debug */,
				2ADF42BA1DD9ACAA0065E3AA /* Release */,
			);
			defaultConfigurationIsVisible = 0;
			defaultConfigurationName = Release;
		};
		2ADF42BB1DD9ACAA0065E3AA /* Build configuration list for PBXNativeTarget "exercises1" */ = {
			isa = XCConfigurationList;
			buildConfigurations = (
				2ADF42BC1DD9ACAA0065E3AA /* Debug */,
				2ADF42BD1DD9ACAA0065E3AA /* Release */,
			);
			defaultConfigurationIsVisible = 0;
			defaultConfigurationName = Release;
		};
/* End XCConfigurationList section */

/* Begin XCVersionGroup section */
		2ADF42B01DD9ACAA0065E3AA /* exercises1.xcdatamodeld */ = {
			isa = XCVersionGroup;
			children = (
				2ADF42B11DD9ACAA0065E3AA /* exercises1.xcdatamodel */,
			);
			currentVersion = 2ADF42B11DD9ACAA0065E3AA /* exercises1.xcdatamodel */;
			path = exercises1.xcdatamodeld;
			sourceTree = "<group>";
			versionGroupType = wrapper.xcdatamodel;
		};
/* End XCVersionGroup section */
	};
	rootObject = 2ADF429E1DD9ACAA0065E3AA /* Project object */;
}
